
Microsoft Visual Studio Solution File, Format Version 12.00
# Visual Studio Version 17
VisualStudioVersion = 17.8.34408.163
MinimumVisualStudioVersion = 10.0.40219.1
Project("{FAE04EC0-301F-11D3-BF4B-00C04F79EFBC}") = "demo02", "demo02\demo02.csproj", "{723ED683-E417-4D2C-8064-5D3E6CD234C8}"
EndProject
Global
	GlobalSection(SolutionConfigurationPlatforms) = preSolution
		Debug|Any CPU = Debug|Any CPU
		Release|Any CPU = Release|Any CPU
	EndGlobalSection
	GlobalSection(ProjectConfigurationPlatforms) = postSolution
		{723ED683-E417-4D2C-8064-5D3E6CD234C8}.Debug|Any CPU.ActiveCfg = Debug|Any CPU
		{723ED683-E417-4D2C-8064-5D3E6CD234C8}.Debug|Any CPU.Build.0 = Debug|Any CPU
		{723ED683-E417-4D2C-8064-5D3E6CD234C8}.Release|Any CPU.ActiveCfg = Release|Any CPU
		{723ED683-E417-4D2C-8064-5D3E6CD234C8}.Release|Any CPU.Build.0 = Release|Any CPU
	EndGlobalSection
	GlobalSection(SolutionProperties) = preSolution
		HideSolutionNode = FALSE
	EndGlobalSection
	GlobalSection(ExtensibilityGlobals) = postSolution
		SolutionGuid = {AA440E23-6C2A-47E2-A293-A58ED4F47B06}
	EndGlobalSection
EndGlobal
